
Microsoft Visual Studio Solution File, Format Version 12.00
# Visual Studio Version 17
VisualStudioVersion = 17.8.34316.72
MinimumVisualStudioVersion = 10.0.40219.1
Project("{FAE04EC0-301F-11D3-BF4B-00C04F79EFBC}") = "GetWordDocWebAPI", "GetWordDocWebAPI\GetWordDocWebAPI.csproj", "{384905EF-389C-4124-8918-D736223F3082}"
EndProject
Global
	GlobalSection(SolutionConfigurationPlatforms) = preSolution
		Debug|Any CPU = Debug|Any CPU
		Release|Any CPU = Release|Any CPU
	EndGlobalSection
	GlobalSection(ProjectConfigurationPlatforms) = postSolution
		{384905EF-389C-4124-8918-D736223F3082}.Debug|Any CPU.ActiveCfg = Debug|Any CPU
		{384905EF-389C-4124-8918-D736223F3082}.Debug|Any CPU.Build.0 = Debug|Any CPU
		{384905EF-389C-4124-8918-D736223F3082}.Release|Any CPU.ActiveCfg = Release|Any CPU
		{384905EF-389C-4124-8918-D736223F3082}.Release|Any CPU.Build.0 = Release|Any CPU
	EndGlobalSection
	GlobalSection(SolutionProperties) = preSolution
		HideSolutionNode = FALSE
	EndGlobalSection
	GlobalSection(ExtensibilityGlobals) = postSolution
		SolutionGuid = {83402AB8-4828-4198-93F6-5457F1EB6263}
	EndGlobalSection
EndGlobal
